
Microsoft Visual Studio Solution File, Format Version 12.00
# Visual Studio Version 17
VisualStudioVersion = 17.4.33213.308
MinimumVisualStudioVersion = 10.0.40219.1
Project("{FAE04EC0-301F-11D3-BF4B-00C04F79EFBC}") = "BallsPulsing", "BallsPulsing\BallsPulsing.csproj", "{093A5F98-D92F-4A2C-B598-0E9FFD50C875}"
EndProject
Global
	GlobalSection(SolutionConfigurationPlatforms) = preSolution
		Debug|Any CPU = Debug|Any CPU
		Release|Any CPU = Release|Any CPU
	EndGlobalSection
	GlobalSection(ProjectConfigurationPlatforms) = postSolution
		{093A5F98-D92F-4A2C-B598-0E9FFD50C875}.Debug|Any CPU.ActiveCfg = Debug|Any CPU
		{093A5F98-D92F-4A2C-B598-0E9FFD50C875}.Debug|Any CPU.Build.0 = Debug|Any CPU
		{093A5F98-D92F-4A2C-B598-0E9FFD50C875}.Release|Any CPU.ActiveCfg = Release|Any CPU
		{093A5F98-D92F-4A2C-B598-0E9FFD50C875}.Release|Any CPU.Build.0 = Release|Any CPU
	EndGlobalSection
	GlobalSection(SolutionProperties) = preSolution
		HideSolutionNode = FALSE
	EndGlobalSection
	GlobalSection(ExtensibilityGlobals) = postSolution
		SolutionGuid = {D8418BB3-6481-4922-BE62-253C0FAA06D2}
	EndGlobalSection
EndGlobal
